
Microsoft Visual Studio Solution File, Format Version 12.00
# Visual Studio 2013
VisualStudioVersion = 12.0.40629.0
MinimumVisualStudioVersion = 10.0.40219.1
Project("{FAE04EC0-301F-11D3-BF4B-00C04F79EFBC}") = "TNovationClassLibrary", "TNovationClassLibrary\TNovationClassLibrary.csproj", "{6129C85E-8FD8-4D99-A936-02DEE166A193}"
EndProject
Project("{FAE04EC0-301F-11D3-BF4B-00C04F79EFBC}") = "TNovationTestFramework", "TNovationTestFramework\TNovationTestFramework.csproj", "{128FF664-AA0A-40FF-82E3-3BFB5BEAB4F4}"
EndProject
Global
	GlobalSection(SolutionConfigurationPlatforms) = preSolution
		Debug|Any CPU = Debug|Any CPU
		Release|Any CPU = Release|Any CPU
	EndGlobalSection
	GlobalSection(ProjectConfigurationPlatforms) = postSolution
		{6129C85E-8FD8-4D99-A936-02DEE166A193}.Debug|Any CPU.ActiveCfg = Debug|Any CPU
		{6129C85E-8FD8-4D99-A936-02DEE166A193}.Debug|Any CPU.Build.0 = Debug|Any CPU
		{6129C85E-8FD8-4D99-A936-02DEE166A193}.Release|Any CPU.ActiveCfg = Release|Any CPU
		{6129C85E-8FD8-4D99-A936-02DEE166A193}.Release|Any CPU.Build.0 = Release|Any CPU
		{128FF664-AA0A-40FF-82E3-3BFB5BEAB4F4}.Debug|Any CPU.ActiveCfg = Debug|Any CPU
		{128FF664-AA0A-40FF-82E3-3BFB5BEAB4F4}.Debug|Any CPU.Build.0 = Debug|Any CPU
		{128FF664-AA0A-40FF-82E3-3BFB5BEAB4F4}.Release|Any CPU.ActiveCfg = Release|Any CPU
		{128FF664-AA0A-40FF-82E3-3BFB5BEAB4F4}.Release|Any CPU.Build.0 = Release|Any CPU
	EndGlobalSection
	GlobalSection(SolutionProperties) = preSolution
		HideSolutionNode = FALSE
	EndGlobalSection
EndGlobal
